
Microsoft Visual Studio Solution File, Format Version 12.00
# Visual Studio Version 17
VisualStudioVersion = 17.1.32228.430
MinimumVisualStudioVersion = 10.0.40219.1
Project("{FAE04EC0-301F-11D3-BF4B-00C04F79EFBC}") = "NirSemesterB", "NirSemesterB\NirSemesterB.csproj", "{5AEBF6A5-E968-44A8-A6CF-A6EF41C01D5A}"
EndProject
Project("{FAE04EC0-301F-11D3-BF4B-00C04F79EFBC}") = "DALIngs", "DALings\DALIngs.csproj", "{9D919EB7-CF6F-4327-8B5A-BC9F11A64578}"
EndProject
Project("{FAE04EC0-301F-11D3-BF4B-00C04F79EFBC}") = "BLLings", "BLLings\BLLings.csproj", "{AD52E8F4-FFF7-4BC2-A800-BC1ECE556B65}"
EndProject
Global
	GlobalSection(SolutionConfigurationPlatforms) = preSolution
		Debug|Any CPU = Debug|Any CPU
		Release|Any CPU = Release|Any CPU
	EndGlobalSection
	GlobalSection(ProjectConfigurationPlatforms) = postSolution
		{5AEBF6A5-E968-44A8-A6CF-A6EF41C01D5A}.Debug|Any CPU.ActiveCfg = Debug|Any CPU
		{5AEBF6A5-E968-44A8-A6CF-A6EF41C01D5A}.Debug|Any CPU.Build.0 = Debug|Any CPU
		{5AEBF6A5-E968-44A8-A6CF-A6EF41C01D5A}.Release|Any CPU.ActiveCfg = Release|Any CPU
		{5AEBF6A5-E968-44A8-A6CF-A6EF41C01D5A}.Release|Any CPU.Build.0 = Release|Any CPU
		{9D919EB7-CF6F-4327-8B5A-BC9F11A64578}.Debug|Any CPU.ActiveCfg = Debug|Any CPU
		{9D919EB7-CF6F-4327-8B5A-BC9F11A64578}.Debug|Any CPU.Build.0 = Debug|Any CPU
		{9D919EB7-CF6F-4327-8B5A-BC9F11A64578}.Release|Any CPU.ActiveCfg = Release|Any CPU
		{9D919EB7-CF6F-4327-8B5A-BC9F11A64578}.Release|Any CPU.Build.0 = Release|Any CPU
		{AD52E8F4-FFF7-4BC2-A800-BC1ECE556B65}.Debug|Any CPU.ActiveCfg = Debug|Any CPU
		{AD52E8F4-FFF7-4BC2-A800-BC1ECE556B65}.Debug|Any CPU.Build.0 = Debug|Any CPU
		{AD52E8F4-FFF7-4BC2-A800-BC1ECE556B65}.Release|Any CPU.ActiveCfg = Release|Any CPU
		{AD52E8F4-FFF7-4BC2-A800-BC1ECE556B65}.Release|Any CPU.Build.0 = Release|Any CPU
	EndGlobalSection
	GlobalSection(SolutionProperties) = preSolution
		HideSolutionNode = FALSE
	EndGlobalSection
	GlobalSection(ExtensibilityGlobals) = postSolution
		SolutionGuid = {92FF1AC5-ABC7-45AC-8484-0951518313C9}
	EndGlobalSection
EndGlobal
